
Microsoft Visual Studio Solution File, Format Version 12.00
# Visual Studio Version 17
VisualStudioVersion = 17.14.36408.4 d17.14
MinimumVisualStudioVersion = 10.0.40219.1
Project("{FAE04EC0-301F-11D3-BF4B-00C04F79EFBC}") = "Lab4-1", "Lab4-1\Lab4-1.csproj", "{C6FF2B12-59AB-4886-A546-A46D822E2957}"
EndProject
Global
	GlobalSection(SolutionConfigurationPlatforms) = preSolution
		Debug|Any CPU = Debug|Any CPU
		Release|Any CPU = Release|Any CPU
	EndGlobalSection
	GlobalSection(ProjectConfigurationPlatforms) = postSolution
		{C6FF2B12-59AB-4886-A546-A46D822E2957}.Debug|Any CPU.ActiveCfg = Debug|Any CPU
		{C6FF2B12-59AB-4886-A546-A46D822E2957}.Debug|Any CPU.Build.0 = Debug|Any CPU
		{C6FF2B12-59AB-4886-A546-A46D822E2957}.Release|Any CPU.ActiveCfg = Release|Any CPU
		{C6FF2B12-59AB-4886-A546-A46D822E2957}.Release|Any CPU.Build.0 = Release|Any CPU
	EndGlobalSection
	GlobalSection(SolutionProperties) = preSolution
		HideSolutionNode = FALSE
	EndGlobalSection
	GlobalSection(ExtensibilityGlobals) = postSolution
		SolutionGuid = {6605BD04-BE2A-4342-808D-A87CC5DC6E86}
	EndGlobalSection
EndGlobal
